
Microsoft Visual Studio Solution File, Format Version 12.00
Project("{FAE04EC0-301F-11D3-BF4B-00C04F79EFBC}") = "WinformUI", "WinformUI\WinformUI.csproj", "{EB0887ED-2BA2-4FEA-9F5D-8B1E7F75D551}"
EndProject
Project("{FAE04EC0-301F-11D3-BF4B-00C04F79EFBC}") = "DAL", "DAL\DAL.csproj", "{D1C43192-E7BD-4D57-BDDE-77E1A4D02951}"
EndProject
Project("{FAE04EC0-301F-11D3-BF4B-00C04F79EFBC}") = "BLL", "BLL\BLL.csproj", "{77C5DC01-96AA-4F52-93FB-63FAEB86AC4A}"
EndProject
Global
	GlobalSection(SolutionConfigurationPlatforms) = preSolution
		Debug|Any CPU = Debug|Any CPU
		Release|Any CPU = Release|Any CPU
	EndGlobalSection
	GlobalSection(ProjectConfigurationPlatforms) = postSolution
		{EB0887ED-2BA2-4FEA-9F5D-8B1E7F75D551}.Debug|Any CPU.ActiveCfg = Debug|Any CPU
		{EB0887ED-2BA2-4FEA-9F5D-8B1E7F75D551}.Debug|Any CPU.Build.0 = Debug|Any CPU
		{EB0887ED-2BA2-4FEA-9F5D-8B1E7F75D551}.Release|Any CPU.ActiveCfg = Release|Any CPU
		{EB0887ED-2BA2-4FEA-9F5D-8B1E7F75D551}.Release|Any CPU.Build.0 = Release|Any CPU
		{D1C43192-E7BD-4D57-BDDE-77E1A4D02951}.Debug|Any CPU.ActiveCfg = Debug|Any CPU
		{D1C43192-E7BD-4D57-BDDE-77E1A4D02951}.Debug|Any CPU.Build.0 = Debug|Any CPU
		{D1C43192-E7BD-4D57-BDDE-77E1A4D02951}.Release|Any CPU.ActiveCfg = Release|Any CPU
		{D1C43192-E7BD-4D57-BDDE-77E1A4D02951}.Release|Any CPU.Build.0 = Release|Any CPU
		{77C5DC01-96AA-4F52-93FB-63FAEB86AC4A}.Debug|Any CPU.ActiveCfg = Debug|Any CPU
		{77C5DC01-96AA-4F52-93FB-63FAEB86AC4A}.Debug|Any CPU.Build.0 = Debug|Any CPU
		{77C5DC01-96AA-4F52-93FB-63FAEB86AC4A}.Release|Any CPU.ActiveCfg = Release|Any CPU
		{77C5DC01-96AA-4F52-93FB-63FAEB86AC4A}.Release|Any CPU.Build.0 = Release|Any CPU
	EndGlobalSection
EndGlobal
