
Microsoft Visual Studio Solution File, Format Version 12.00
# Visual Studio Version 17
VisualStudioVersion = 17.13.35806.99 d17.13
MinimumVisualStudioVersion = 10.0.40219.1
Project("{FAE04EC0-301F-11D3-BF4B-00C04F79EFBC}") = "schedule-management", "schedule-management.csproj", "{935FF15D-F98C-4AE0-A3CE-A314C23589A3}"
EndProject
Global
	GlobalSection(SolutionConfigurationPlatforms) = preSolution
		Debug|Any CPU = Debug|Any CPU
		Release|Any CPU = Release|Any CPU
	EndGlobalSection
	GlobalSection(ProjectConfigurationPlatforms) = postSolution
		{935FF15D-F98C-4AE0-A3CE-A314C23589A3}.Debug|Any CPU.ActiveCfg = Debug|Any CPU
		{935FF15D-F98C-4AE0-A3CE-A314C23589A3}.Debug|Any CPU.Build.0 = Debug|Any CPU
		{935FF15D-F98C-4AE0-A3CE-A314C23589A3}.Release|Any CPU.ActiveCfg = Release|Any CPU
		{935FF15D-F98C-4AE0-A3CE-A314C23589A3}.Release|Any CPU.Build.0 = Release|Any CPU
	EndGlobalSection
	GlobalSection(SolutionProperties) = preSolution
		HideSolutionNode = FALSE
	EndGlobalSection
	GlobalSection(ExtensibilityGlobals) = postSolution
		SolutionGuid = {FC102877-1D9F-4E8C-9700-19A3F6972324}
	EndGlobalSection
EndGlobal
