
Microsoft Visual Studio Solution File, Format Version 12.00
Project("{FAE04EC0-301F-11D3-BF4B-00C04F79EFBC}") = "HCMCMetroKiosk", "HCMCMetroKiosk\HCMCMetroKiosk.csproj", "{7D982125-07D5-49E1-8033-B07816A647EC}"
EndProject
Global
	GlobalSection(SolutionConfigurationPlatforms) = preSolution
		Debug|Any CPU = Debug|Any CPU
		Release|Any CPU = Release|Any CPU
	EndGlobalSection
	GlobalSection(ProjectConfigurationPlatforms) = postSolution
		{7D982125-07D5-49E1-8033-B07816A647EC}.Debug|Any CPU.ActiveCfg = Debug|Any CPU
		{7D982125-07D5-49E1-8033-B07816A647EC}.Debug|Any CPU.Build.0 = Debug|Any CPU
		{7D982125-07D5-49E1-8033-B07816A647EC}.Release|Any CPU.ActiveCfg = Release|Any CPU
		{7D982125-07D5-49E1-8033-B07816A647EC}.Release|Any CPU.Build.0 = Release|Any CPU
	EndGlobalSection
EndGlobal
