
Microsoft Visual Studio Solution File, Format Version 12.00
Project("{FAE04EC0-301F-11D3-BF4B-00C04F79EFBC}") = "SchoolAppCoreRazor", "SchoolAppCoreRazor\SchoolAppCoreRazor.csproj", "{57ACA362-414F-488B-BD67-F380D0ACA379}"
EndProject
Global
	GlobalSection(SolutionConfigurationPlatforms) = preSolution
		Debug|Any CPU = Debug|Any CPU
		Release|Any CPU = Release|Any CPU
	EndGlobalSection
	GlobalSection(ProjectConfigurationPlatforms) = postSolution
		{57ACA362-414F-488B-BD67-F380D0ACA379}.Debug|Any CPU.ActiveCfg = Debug|Any CPU
		{57ACA362-414F-488B-BD67-F380D0ACA379}.Debug|Any CPU.Build.0 = Debug|Any CPU
		{57ACA362-414F-488B-BD67-F380D0ACA379}.Release|Any CPU.ActiveCfg = Release|Any CPU
		{57ACA362-414F-488B-BD67-F380D0ACA379}.Release|Any CPU.Build.0 = Release|Any CPU
	EndGlobalSection
EndGlobal
